// !$*UTF8*$!
{
	archiveVersion = 1;
	classes = {
	};
	objectVersion = 50;
	objects = {

/* Begin PBXBuildFile section */
		190BD01F21B3462400BC9C2E /* ClassBTVDelegate.swift in Sources */ = {isa = PBXBuildFile; fileRef = 190BD01E21B3462400BC9C2E /* ClassBTVDelegate.swift */; };
		19232B85219E07D5008ED6D6 /* BillsTableViewController.swift in Sources */ = {isa = PBXBuildFile; fileRef = 19232B84219E07D5008ED6D6 /* BillsTableViewController.swift */; };
		19232B87219E0892008ED6D6 /* BillItem.swift in Sources */ = {isa = PBXBuildFile; fileRef = 19232B86219E0892008ED6D6 /* BillItem.swift */; };
		19232B89219E0A29008ED6D6 /* BillDetailViewController.swift in Sources */ = {isa = PBXBuildFile; fileRef = 19232B88219E0A29008ED6D6 /* BillDetailViewController.swift */; };
		19232B8B219E415D008ED6D6 /* BillsAddEditViewController.swift in Sources */ = {isa = PBXBuildFile; fileRef = 19232B8A219E415D008ED6D6 /* BillsAddEditViewController.swift */; };
		19232B8D219E417C008ED6D6 /* BillsAddEditDelegate.swift in Sources */ = {isa = PBXBuildFile; fileRef = 19232B8C219E417C008ED6D6 /* BillsAddEditDelegate.swift */; };
		19800FAE21ADBE5000453CDD /* AddCalendarViewController.swift in Sources */ = {isa = PBXBuildFile; fileRef = 19800FAD21ADBE5000453CDD /* AddCalendarViewController.swift */; };
		19800FB021ADBE9900453CDD /* CalendarAddedDelegate.swift in Sources */ = {isa = PBXBuildFile; fileRef = 19800FAF21ADBE9900453CDD /* CalendarAddedDelegate.swift */; };
		19800FB221ADC5AD00453CDD /* EventsViewController.swift in Sources */ = {isa = PBXBuildFile; fileRef = 19800FB121ADC5AD00453CDD /* EventsViewController.swift */; };
		19800FB421ADC5D600453CDD /* EventAddedDelegate.swift in Sources */ = {isa = PBXBuildFile; fileRef = 19800FB321ADC5D600453CDD /* EventAddedDelegate.swift */; };
		19800FB621ADC61400453CDD /* AddEventViewController.swift in Sources */ = {isa = PBXBuildFile; fileRef = 19800FB521ADC61400453CDD /* AddEventViewController.swift */; };
		19800FB821ADC7CF00453CDD /* SegueIdentifiers.swift in Sources */ = {isa = PBXBuildFile; fileRef = 19800FB721ADC7CF00453CDD /* SegueIdentifiers.swift */; };
		19C4A66C218662D400FF8E35 /* AppDelegate.swift in Sources */ = {isa = PBXBuildFile; fileRef = 19C4A66B218662D400FF8E35 /* AppDelegate.swift */; };
		19C4A66E218662D400FF8E35 /* ViewController.swift in Sources */ = {isa = PBXBuildFile; fileRef = 19C4A66D218662D400FF8E35 /* ViewController.swift */; };
		19C4A670218662D400FF8E35 /* BillsOptionsViewController.swift in Sources */ = {isa = PBXBuildFile; fileRef = 19C4A66F218662D400FF8E35 /* BillsOptionsViewController.swift */; };
		19C4A673218662D400FF8E35 /* Main.storyboard in Resources */ = {isa = PBXBuildFile; fileRef = 19C4A671218662D400FF8E35 /* Main.storyboard */; };
		19C4A675218662D700FF8E35 /* Assets.xcassets in Resources */ = {isa = PBXBuildFile; fileRef = 19C4A674218662D700FF8E35 /* Assets.xcassets */; };
		19C4A678218662D700FF8E35 /* LaunchScreen.storyboard in Resources */ = {isa = PBXBuildFile; fileRef = 19C4A676218662D700FF8E35 /* LaunchScreen.storyboard */; };
		19C4A6802187746300FF8E35 /* ListViewController.swift in Sources */ = {isa = PBXBuildFile; fileRef = 19C4A67F2187746300FF8E35 /* ListViewController.swift */; };
		19C4A6822187747500FF8E35 /* ChatViewController.swift in Sources */ = {isa = PBXBuildFile; fileRef = 19C4A6812187747500FF8E35 /* ChatViewController.swift */; };
		19C4A68B21888FF200FF8E35 /* signupHouse.png in Resources */ = {isa = PBXBuildFile; fileRef = 19C4A68A21888FF200FF8E35 /* signupHouse.png */; };
		19C4A68D21888FF700FF8E35 /* loginHouse.png in Resources */ = {isa = PBXBuildFile; fileRef = 19C4A68C21888FF700FF8E35 /* loginHouse.png */; };
		19C4A68F2188CC0D00FF8E35 /* ListTableViewController.swift in Sources */ = {isa = PBXBuildFile; fileRef = 19C4A68E2188CC0D00FF8E35 /* ListTableViewController.swift */; };
		19C4A6912188CC5B00FF8E35 /* ListItem.swift in Sources */ = {isa = PBXBuildFile; fileRef = 19C4A6902188CC5B00FF8E35 /* ListItem.swift */; };
		19C4A6932188CCF300FF8E35 /* ListItemTableViewCell.swift in Sources */ = {isa = PBXBuildFile; fileRef = 19C4A6922188CCF300FF8E35 /* ListItemTableViewCell.swift */; };
		19C4A6952188CEAB00FF8E35 /* ListItemDetailViewController.swift in Sources */ = {isa = PBXBuildFile; fileRef = 19C4A6942188CEAB00FF8E35 /* ListItemDetailViewController.swift */; };
/* End PBXBuildFile section */

/* Begin PBXFileReference section */
		190BD01E21B3462400BC9C2E /* ClassBTVDelegate.swift */ = {isa = PBXFileReference; lastKnownFileType = sourcecode.swift; path = ClassBTVDelegate.swift; sourceTree = "<group>"; };
		19232B84219E07D5008ED6D6 /* BillsTableViewController.swift */ = {isa = PBXFileReference; lastKnownFileType = sourcecode.swift; path = BillsTableViewController.swift; sourceTree = "<group>"; };
		19232B86219E0892008ED6D6 /* BillItem.swift */ = {isa = PBXFileReference; lastKnownFileType = sourcecode.swift; path = BillItem.swift; sourceTree = "<group>"; };
		19232B88219E0A29008ED6D6 /* BillDetailViewController.swift */ = {isa = PBXFileReference; lastKnownFileType = sourcecode.swift; path = BillDetailViewController.swift; sourceTree = "<group>"; };
		19232B8A219E415D008ED6D6 /* BillsAddEditViewController.swift */ = {isa = PBXFileReference; lastKnownFileType = sourcecode.swift; path = BillsAddEditViewController.swift; sourceTree = "<group>"; };
		19232B8C219E417C008ED6D6 /* BillsAddEditDelegate.swift */ = {isa = PBXFileReference; lastKnownFileType = sourcecode.swift; path = BillsAddEditDelegate.swift; sourceTree = "<group>"; };
		19800FAD21ADBE5000453CDD /* AddCalendarViewController.swift */ = {isa = PBXFileReference; lastKnownFileType = sourcecode.swift; path = AddCalendarViewController.swift; sourceTree = "<group>"; };
		19800FAF21ADBE9900453CDD /* CalendarAddedDelegate.swift */ = {isa = PBXFileReference; lastKnownFileType = sourcecode.swift; path = CalendarAddedDelegate.swift; sourceTree = "<group>"; };
		19800FB121ADC5AD00453CDD /* EventsViewController.swift */ = {isa = PBXFileReference; lastKnownFileType = sourcecode.swift; path = EventsViewController.swift; sourceTree = "<group>"; };
		19800FB321ADC5D600453CDD /* EventAddedDelegate.swift */ = {isa = PBXFileReference; lastKnownFileType = sourcecode.swift; path = EventAddedDelegate.swift; sourceTree = "<group>"; };
		19800FB521ADC61400453CDD /* AddEventViewController.swift */ = {isa = PBXFileReference; lastKnownFileType = sourcecode.swift; path = AddEventViewController.swift; sourceTree = "<group>"; };
		19800FB721ADC7CF00453CDD /* SegueIdentifiers.swift */ = {isa = PBXFileReference; lastKnownFileType = sourcecode.swift; path = SegueIdentifiers.swift; sourceTree = "<group>"; };
		19C4A668218662D400FF8E35 /* Roommates.app */ = {isa = PBXFileReference; explicitFileType = wrapper.application; includeInIndex = 0; path = Roommates.app; sourceTree = BUILT_PRODUCTS_DIR; };
		19C4A66B218662D400FF8E35 /* AppDelegate.swift */ = {isa = PBXFileReference; lastKnownFileType = sourcecode.swift; path = AppDelegate.swift; sourceTree = "<group>"; };
		19C4A66D218662D400FF8E35 /* ViewController.swift */ = {isa = PBXFileReference; lastKnownFileType = sourcecode.swift; path = ViewController.swift; sourceTree = "<group>"; };
		19C4A66F218662D400FF8E35 /* BillsOptionsViewController.swift */ = {isa = PBXFileReference; lastKnownFileType = sourcecode.swift; path = BillsOptionsViewController.swift; sourceTree = "<group>"; };
		19C4A672218662D400FF8E35 /* Base */ = {isa = PBXFileReference; lastKnownFileType = file.storyboard; name = Base; path = Base.lproj/Main.storyboard; sourceTree = "<group>"; };
		19C4A674218662D700FF8E35 /* Assets.xcassets */ = {isa = PBXFileReference; lastKnownFileType = folder.assetcatalog; path = Assets.xcassets; sourceTree = "<group>"; };
		19C4A677218662D700FF8E35 /* Base */ = {isa = PBXFileReference; lastKnownFileType = file.storyboard; name = Base; path = Base.lproj/LaunchScreen.storyboard; sourceTree = "<group>"; };
		19C4A679218662D700FF8E35 /* Info.plist */ = {isa = PBXFileReference; lastKnownFileType = text.plist.xml; path = Info.plist; sourceTree = "<group>"; };
		19C4A67F2187746300FF8E35 /* ListViewController.swift */ = {isa = PBXFileReference; lastKnownFileType = sourcecode.swift; path = ListViewController.swift; sourceTree = "<group>"; };
		19C4A6812187747500FF8E35 /* ChatViewController.swift */ = {isa = PBXFileReference; lastKnownFileType = sourcecode.swift; path = ChatViewController.swift; sourceTree = "<group>"; };
		19C4A68A21888FF200FF8E35 /* signupHouse.png */ = {isa = PBXFileReference; lastKnownFileType = image.png; name = signupHouse.png; path = Images/signupHouse.png; sourceTree = SOURCE_ROOT; };
		19C4A68C21888FF700FF8E35 /* loginHouse.png */ = {isa = PBXFileReference; lastKnownFileType = image.png; name = loginHouse.png; path = Images/loginHouse.png; sourceTree = SOURCE_ROOT; };
		19C4A68E2188CC0D00FF8E35 /* ListTableViewController.swift */ = {isa = PBXFileReference; lastKnownFileType = sourcecode.swift; path = ListTableViewController.swift; sourceTree = "<group>"; };
		19C4A6902188CC5B00FF8E35 /* ListItem.swift */ = {isa = PBXFileReference; lastKnownFileType = sourcecode.swift; path = ListItem.swift; sourceTree = "<group>"; };
		19C4A6922188CCF300FF8E35 /* ListItemTableViewCell.swift */ = {isa = PBXFileReference; lastKnownFileType = sourcecode.swift; path = ListItemTableViewCell.swift; sourceTree = "<group>"; };
		19C4A6942188CEAB00FF8E35 /* ListItemDetailViewController.swift */ = {isa = PBXFileReference; lastKnownFileType = sourcecode.swift; path = ListItemDetailViewController.swift; sourceTree = "<group>"; };
/* End PBXFileReference section */

/* Begin PBXFrameworksBuildPhase section */
		19C4A665218662D400FF8E35 /* Frameworks */ = {
			isa = PBXFrameworksBuildPhase;
			buildActionMask = 2147483647;
			files = (
			);
			runOnlyForDeploymentPostprocessing = 0;
		};
/* End PBXFrameworksBuildPhase section */

/* Begin PBXGroup section */
		198F696C21920FF9002F4DE9 /* List */ = {
			isa = PBXGroup;
			children = (
				19C4A67F2187746300FF8E35 /* ListViewController.swift */,
				19C4A68E2188CC0D00FF8E35 /* ListTableViewController.swift */,
				19C4A6902188CC5B00FF8E35 /* ListItem.swift */,
				19C4A6922188CCF300FF8E35 /* ListItemTableViewCell.swift */,
				19C4A6942188CEAB00FF8E35 /* ListItemDetailViewController.swift */,
			);
			path = List;
			sourceTree = "<group>";
		};
		198F696D21921009002F4DE9 /* Bills */ = {
			isa = PBXGroup;
			children = (
				19C4A66F218662D400FF8E35 /* BillsOptionsViewController.swift */,
				19232B84219E07D5008ED6D6 /* BillsTableViewController.swift */,
				19232B86219E0892008ED6D6 /* BillItem.swift */,
				19232B88219E0A29008ED6D6 /* BillDetailViewController.swift */,
				19232B8A219E415D008ED6D6 /* BillsAddEditViewController.swift */,
				19232B8C219E417C008ED6D6 /* BillsAddEditDelegate.swift */,
				190BD01E21B3462400BC9C2E /* ClassBTVDelegate.swift */,
			);
			path = Bills;
			sourceTree = "<group>";
		};
		198F696E21921011002F4DE9 /* Chat */ = {
			isa = PBXGroup;
			children = (
				19C4A6812187747500FF8E35 /* ChatViewController.swift */,
			);
			path = Chat;
			sourceTree = "<group>";
		};
		198F696F2192101D002F4DE9 /* Calendar */ = {
			isa = PBXGroup;
			children = (
				19C4A66D218662D400FF8E35 /* ViewController.swift */,
				19800FAD21ADBE5000453CDD /* AddCalendarViewController.swift */,
				19800FAF21ADBE9900453CDD /* CalendarAddedDelegate.swift */,
				19800FB121ADC5AD00453CDD /* EventsViewController.swift */,
				19800FB321ADC5D600453CDD /* EventAddedDelegate.swift */,
				19800FB521ADC61400453CDD /* AddEventViewController.swift */,
				19800FB721ADC7CF00453CDD /* SegueIdentifiers.swift */,
			);
			path = Calendar;
			sourceTree = "<group>";
		};
		19C4A65F218662D400FF8E35 = {
			isa = PBXGroup;
			children = (
				19C4A66A218662D400FF8E35 /* Roommates */,
				19C4A669218662D400FF8E35 /* Products */,
			);
			sourceTree = "<group>";
		};
		19C4A669218662D400FF8E35 /* Products */ = {
			isa = PBXGroup;
			children = (
				19C4A668218662D400FF8E35 /* Roommates.app */,
			);
			name = Products;
			sourceTree = "<group>";
		};
		19C4A66A218662D400FF8E35 /* Roommates */ = {
			isa = PBXGroup;
			children = (
				19C4A66B218662D400FF8E35 /* AppDelegate.swift */,
				198F696F2192101D002F4DE9 /* Calendar */,
				198F696D21921009002F4DE9 /* Bills */,
				198F696C21920FF9002F4DE9 /* List */,
				198F696E21921011002F4DE9 /* Chat */,
				19C4A671218662D400FF8E35 /* Main.storyboard */,
				19C4A674218662D700FF8E35 /* Assets.xcassets */,
				19C4A676218662D700FF8E35 /* LaunchScreen.storyboard */,
				19C4A679218662D700FF8E35 /* Info.plist */,
				19C4A68321877F6600FF8E35 /* Images */,
			);
			path = Roommates;
			sourceTree = "<group>";
		};
		19C4A68321877F6600FF8E35 /* Images */ = {
			isa = PBXGroup;
			children = (
				19C4A68A21888FF200FF8E35 /* signupHouse.png */,
				19C4A68C21888FF700FF8E35 /* loginHouse.png */,
			);
			path = Images;
			sourceTree = "<group>";
		};
/* End PBXGroup section */

/* Begin PBXNativeTarget section */
		19C4A667218662D400FF8E35 /* Roommates */ = {
			isa = PBXNativeTarget;
			buildConfigurationList = 19C4A67C218662D700FF8E35 /* Build configuration list for PBXNativeTarget "Roommates" */;
			buildPhases = (
				19C4A664218662D400FF8E35 /* Sources */,
				19C4A665218662D400FF8E35 /* Frameworks */,
				19C4A666218662D400FF8E35 /* Resources */,
			);
			buildRules = (
			);
			dependencies = (
			);
			name = Roommates;
			productName = Roommates;
			productReference = 19C4A668218662D400FF8E35 /* Roommates.app */;
			productType = "com.apple.product-type.application";
		};
/* End PBXNativeTarget section */

/* Begin PBXProject section */
		19C4A660218662D400FF8E35 /* Project object */ = {
			isa = PBXProject;
			attributes = {
				LastSwiftUpdateCheck = 1000;
				LastUpgradeCheck = 1000;
				ORGANIZATIONNAME = "Sarah Ericson";
				TargetAttributes = {
					19C4A667218662D400FF8E35 = {
						CreatedOnToolsVersion = 10.0;
					};
				};
			};
			buildConfigurationList = 19C4A663218662D400FF8E35 /* Build configuration list for PBXProject "Roommates" */;
			compatibilityVersion = "Xcode 9.3";
			developmentRegion = en;
			hasScannedForEncodings = 0;
			knownRegions = (
				en,
				Base,
			);
			mainGroup = 19C4A65F218662D400FF8E35;
			productRefGroup = 19C4A669218662D400FF8E35 /* Products */;
			projectDirPath = "";
			projectRoot = "";
			targets = (
				19C4A667218662D400FF8E35 /* Roommates */,
			);
		};
/* End PBXProject section */

/* Begin PBXResourcesBuildPhase section */
		19C4A666218662D400FF8E35 /* Resources */ = {
			isa = PBXResourcesBuildPhase;
			buildActionMask = 2147483647;
			files = (
				19C4A68B21888FF200FF8E35 /* signupHouse.png in Resources */,
				19C4A678218662D700FF8E35 /* LaunchScreen.storyboard in Resources */,
				19C4A68D21888FF700FF8E35 /* loginHouse.png in Resources */,
				19C4A675218662D700FF8E35 /* Assets.xcassets in Resources */,
				19C4A673218662D400FF8E35 /* Main.storyboard in Resources */,
			);
			runOnlyForDeploymentPostprocessing = 0;
		};
/* End PBXResourcesBuildPhase section */

/* Begin PBXSourcesBuildPhase section */
		19C4A664218662D400FF8E35 /* Sources */ = {
			isa = PBXSourcesBuildPhase;
			buildActionMask = 2147483647;
			files = (
				19800FB821ADC7CF00453CDD /* SegueIdentifiers.swift in Sources */,
				19232B8D219E417C008ED6D6 /* BillsAddEditDelegate.swift in Sources */,
				19C4A670218662D400FF8E35 /* BillsOptionsViewController.swift in Sources */,
				19C4A6912188CC5B00FF8E35 /* ListItem.swift in Sources */,
				190BD01F21B3462400BC9C2E /* ClassBTVDelegate.swift in Sources */,
				19232B8B219E415D008ED6D6 /* BillsAddEditViewController.swift in Sources */,
				19232B89219E0A29008ED6D6 /* BillDetailViewController.swift in Sources */,
				19232B87219E0892008ED6D6 /* BillItem.swift in Sources */,
				19C4A66C218662D400FF8E35 /* AppDelegate.swift in Sources */,
				19232B85219E07D5008ED6D6 /* BillsTableViewController.swift in Sources */,
				19C4A6802187746300FF8E35 /* ListViewController.swift in Sources */,
				19C4A6932188CCF300FF8E35 /* ListItemTableViewCell.swift in Sources */,
				19800FB621ADC61400453CDD /* AddEventViewController.swift in Sources */,
				19800FB221ADC5AD00453CDD /* EventsViewController.swift in Sources */,
				19C4A6952188CEAB00FF8E35 /* ListItemDetailViewController.swift in Sources */,
				19C4A6822187747500FF8E35 /* ChatViewController.swift in Sources */,
				19800FAE21ADBE5000453CDD /* AddCalendarViewController.swift in Sources */,
				19800FB421ADC5D600453CDD /* EventAddedDelegate.swift in Sources */,
				19800FB021ADBE9900453CDD /* CalendarAddedDelegate.swift in Sources */,
				19C4A68F2188CC0D00FF8E35 /* ListTableViewController.swift in Sources */,
				19C4A66E218662D400FF8E35 /* ViewController.swift in Sources */,
			);
			runOnlyForDeploymentPostprocessing = 0;
		};
/* End PBXSourcesBuildPhase section */

/* Begin PBXVariantGroup section */
		19C4A671218662D400FF8E35 /* Main.storyboard */ = {
			isa = PBXVariantGroup;
			children = (
				19C4A672218662D400FF8E35 /* Base */,
			);
			name = Main.storyboard;
			sourceTree = "<group>";
		};
		19C4A676218662D700FF8E35 /* LaunchScreen.storyboard */ = {
			isa = PBXVariantGroup;
			children = (
				19C4A677218662D700FF8E35 /* Base */,
			);
			name = LaunchScreen.storyboard;
			sourceTree = "<group>";
		};
/* End PBXVariantGroup section */

/* Begin XCBuildConfiguration section */
		19C4A67A218662D700FF8E35 /* Debug */ = {
			isa = XCBuildConfiguration;
			buildSettings = {
				ALWAYS_SEARCH_USER_PATHS = NO;
				CLANG_ANALYZER_NONNULL = YES;
				CLANG_ANALYZER_NUMBER_OBJECT_CONVERSION = YES_AGGRESSIVE;
				CLANG_CXX_LANGUAGE_STANDARD = "gnu++14";
				CLANG_CXX_LIBRARY = "libc++";
				CLANG_ENABLE_MODULES = YES;
				CLANG_ENABLE_OBJC_ARC = YES;
				CLANG_ENABLE_OBJC_WEAK = YES;
				CLANG_WARN_BLOCK_CAPTURE_AUTORELEASING = YES;
				CLANG_WARN_BOOL_CONVERSION = YES;
				CLANG_WARN_COMMA = YES;
				CLANG_WARN_CONSTANT_CONVERSION = YES;
				CLANG_WARN_DEPRECATED_OBJC_IMPLEMENTATIONS = YES;
				CLANG_WARN_DIRECT_OBJC_ISA_USAGE = YES_ERROR;
				CLANG_WARN_DOCUMENTATION_COMMENTS = YES;
				CLANG_WARN_EMPTY_BODY = YES;
				CLANG_WARN_ENUM_CONVERSION = YES;
				CLANG_WARN_INFINITE_RECURSION = YES;
				CLANG_WARN_INT_CONVERSION = YES;
				CLANG_WARN_NON_LITERAL_NULL_CONVERSION = YES;
				CLANG_WARN_OBJC_IMPLICIT_RETAIN_SELF = YES;
				CLANG_WARN_OBJC_LITERAL_CONVERSION = YES;
				CLANG_WARN_OBJC_ROOT_CLASS = YES_ERROR;
				CLANG_WARN_RANGE_LOOP_ANALYSIS = YES;
				CLANG_WARN_STRICT_PROTOTYPES = YES;
				CLANG_WARN_SUSPICIOUS_MOVE = YES;
				CLANG_WARN_UNGUARDED_AVAILABILITY = YES_AGGRESSIVE;
				CLANG_WARN_UNREACHABLE_CODE = YES;
				CLANG_WARN__DUPLICATE_METHOD_MATCH = YES;
				CODE_SIGN_IDENTITY = "iPhone Developer";
				COPY_PHASE_STRIP = NO;
				DEBUG_INFORMATION_FORMAT = dwarf;
				ENABLE_STRICT_OBJC_MSGSEND = YES;
				ENABLE_TESTABILITY = YES;
				GCC_C_LANGUAGE_STANDARD = gnu11;
				GCC_DYNAMIC_NO_PIC = NO;
				GCC_NO_COMMON_BLOCKS = YES;
				GCC_OPTIMIZATION_LEVEL = 0;
				GCC_PREPROCESSOR_DEFINITIONS = (
					"DEBUG=1",
					"$(inherited)",
				);
				GCC_WARN_64_TO_32_BIT_CONVERSION = YES;
				GCC_WARN_ABOUT_RETURN_TYPE = YES_ERROR;
				GCC_WARN_UNDECLARED_SELECTOR = YES;
				GCC_WARN_UNINITIALIZED_AUTOS = YES_AGGRESSIVE;
				GCC_WARN_UNUSED_FUNCTION = YES;
				GCC_WARN_UNUSED_VARIABLE = YES;
				IPHONEOS_DEPLOYMENT_TARGET = 12.0;
				MTL_ENABLE_DEBUG_INFO = INCLUDE_SOURCE;
				MTL_FAST_MATH = YES;
				ONLY_ACTIVE_ARCH = YES;
				SDKROOT = iphoneos;
				SWIFT_ACTIVE_COMPILATION_CONDITIONS = DEBUG;
				SWIFT_OPTIMIZATION_LEVEL = "-Onone";
			};
			name = Debug;
		};
		19C4A67B218662D700FF8E35 /* Release */ = {
			isa = XCBuildConfiguration;
			buildSettings = {
				ALWAYS_SEARCH_USER_PATHS = NO;
				CLANG_ANALYZER_NONNULL = YES;
				CLANG_ANALYZER_NUMBER_OBJECT_CONVERSION = YES_AGGRESSIVE;
				CLANG_CXX_LANGUAGE_STANDARD = "gnu++14";
				CLANG_CXX_LIBRARY = "libc++";
				CLANG_ENABLE_MODULES = YES;
				CLANG_ENABLE_OBJC_ARC = YES;
				CLANG_ENABLE_OBJC_WEAK = YES;
				CLANG_WARN_BLOCK_CAPTURE_AUTORELEASING = YES;
				CLANG_WARN_BOOL_CONVERSION = YES;
				CLANG_WARN_COMMA = YES;
				CLANG_WARN_CONSTANT_CONVERSION = YES;
				CLANG_WARN_DEPRECATED_OBJC_IMPLEMENTATIONS = YES;
				CLANG_WARN_DIRECT_OBJC_ISA_USAGE = YES_ERROR;
				CLANG_WARN_DOCUMENTATION_COMMENTS = YES;
				CLANG_WARN_EMPTY_BODY = YES;
				CLANG_WARN_ENUM_CONVERSION = YES;
				CLANG_WARN_INFINITE_RECURSION = YES;
				CLANG_WARN_INT_CONVERSION = YES;
				CLANG_WARN_NON_LITERAL_NULL_CONVERSION = YES;
				CLANG_WARN_OBJC_IMPLICIT_RETAIN_SELF = YES;
				CLANG_WARN_OBJC_LITERAL_CONVERSION = YES;
				CLANG_WARN_OBJC_ROOT_CLASS = YES_ERROR;
				CLANG_WARN_RANGE_LOOP_ANALYSIS = YES;
				CLANG_WARN_STRICT_PROTOTYPES = YES;
				CLANG_WARN_SUSPICIOUS_MOVE = YES;
				CLANG_WARN_UNGUARDED_AVAILABILITY = YES_AGGRESSIVE;
				CLANG_WARN_UNREACHABLE_CODE = YES;
				CLANG_WARN__DUPLICATE_METHOD_MATCH = YES;
				CODE_SIGN_IDENTITY = "iPhone Developer";
				COPY_PHASE_STRIP = NO;
				DEBUG_INFORMATION_FORMAT = "dwarf-with-dsym";
				ENABLE_NS_ASSERTIONS = NO;
				ENABLE_STRICT_OBJC_MSGSEND = YES;
				GCC_C_LANGUAGE_STANDARD = gnu11;
				GCC_NO_COMMON_BLOCKS = YES;
				GCC_WARN_64_TO_32_BIT_CONVERSION = YES;
				GCC_WARN_ABOUT_RETURN_TYPE = YES_ERROR;
				GCC_WARN_UNDECLARED_SELECTOR = YES;
				GCC_WARN_UNINITIALIZED_AUTOS = YES_AGGRESSIVE;
				GCC_WARN_UNUSED_FUNCTION = YES;
				GCC_WARN_UNUSED_VARIABLE = YES;
				IPHONEOS_DEPLOYMENT_TARGET = 12.0;
				MTL_ENABLE_DEBUG_INFO = NO;
				MTL_FAST_MATH = YES;
				SDKROOT = iphoneos;
				SWIFT_COMPILATION_MODE = wholemodule;
				SWIFT_OPTIMIZATION_LEVEL = "-O";
				VALIDATE_PRODUCT = YES;
			};
			name = Release;
		};
		19C4A67D218662D700FF8E35 /* Debug */ = {
			isa = XCBuildConfiguration;
			buildSettings = {
				ASSETCATALOG_COMPILER_APPICON_NAME = AppIcon;
				CODE_SIGN_STYLE = Automatic;
				DEVELOPMENT_TEAM = 6T7P677LVG;
				INFOPLIST_FILE = Roommates/Info.plist;
				LD_RUNPATH_SEARCH_PATHS = (
					"$(inherited)",
					"@executable_path/Frameworks",
				);
				PRODUCT_BUNDLE_IDENTIFIER = edu.ericsosm5070.Roommates;
				PRODUCT_NAME = "$(TARGET_NAME)";
				SWIFT_VERSION = 4.2;
				TARGETED_DEVICE_FAMILY = "1,2";
			};
			name = Debug;
		};
		19C4A67E218662D700FF8E35 /* Release */ = {
			isa = XCBuildConfiguration;
			buildSettings = {
				ASSETCATALOG_COMPILER_APPICON_NAME = AppIcon;
				CODE_SIGN_STYLE = Automatic;
				DEVELOPMENT_TEAM = 6T7P677LVG;
				INFOPLIST_FILE = Roommates/Info.plist;
				LD_RUNPATH_SEARCH_PATHS = (
					"$(inherited)",
					"@executable_path/Frameworks",
				);
				PRODUCT_BUNDLE_IDENTIFIER = edu.ericsosm5070.Roommates;
				PRODUCT_NAME = "$(TARGET_NAME)";
				SWIFT_VERSION = 4.2;
				TARGETED_DEVICE_FAMILY = "1,2";
			};
			name = Release;
		};
/* End XCBuildConfiguration section */

/* Begin XCConfigurationList section */
		19C4A663218662D400FF8E35 /* Build configuration list for PBXProject "Roommates" */ = {
			isa = XCConfigurationList;
			buildConfigurations = (
				19C4A67A218662D700FF8E35 /* Debug */,
				19C4A67B218662D700FF8E35 /* Release */,
			);
			defaultConfigurationIsVisible = 0;
			defaultConfigurationName = Release;
		};
		19C4A67C218662D700FF8E35 /* Build configuration list for PBXNativeTarget "Roommates" */ = {
			isa = XCConfigurationList;
			buildConfigurations = (
				19C4A67D218662D700FF8E35 /* Debug */,
				19C4A67E218662D700FF8E35 /* Release */,
			);
			defaultConfigurationIsVisible = 0;
			defaultConfigurationName = Release;
		};
/* End XCConfigurationList section */
	};
	rootObject = 19C4A660218662D400FF8E35 /* Project object */;
}
